
Microsoft Visual Studio Solution File, Format Version 12.00
# Visual Studio Version 16
VisualStudioVersion = 16.0.29201.188
MinimumVisualStudioVersion = 10.0.40219.1
Project("{9A19103F-16F7-4668-BE54-9A1E7A4F7556}") = "ClassesDeExemploParaBDD", "SpecFlow\ClassesDeExemploParaBDD.csproj", "{95DDB196-3AA7-44CA-A241-3912732AB7EA}"
EndProject
Project("{9A19103F-16F7-4668-BE54-9A1E7A4F7556}") = "SpecFlowTests", "SpecFlowTests\SpecFlowTests.csproj", "{5D5FC9FD-A253-46B9-8569-BDA0EBF5E3F6}"
EndProject
Global
	GlobalSection(SolutionConfigurationPlatforms) = preSolution
		Debug|Any CPU = Debug|Any CPU
		Release|Any CPU = Release|Any CPU
	EndGlobalSection
	GlobalSection(ProjectConfigurationPlatforms) = postSolution
		{95DDB196-3AA7-44CA-A241-3912732AB7EA}.Debug|Any CPU.ActiveCfg = Debug|Any CPU
		{95DDB196-3AA7-44CA-A241-3912732AB7EA}.Debug|Any CPU.Build.0 = Debug|Any CPU
		{95DDB196-3AA7-44CA-A241-3912732AB7EA}.Release|Any CPU.ActiveCfg = Release|Any CPU
		{95DDB196-3AA7-44CA-A241-3912732AB7EA}.Release|Any CPU.Build.0 = Release|Any CPU
		{5D5FC9FD-A253-46B9-8569-BDA0EBF5E3F6}.Debug|Any CPU.ActiveCfg = Debug|Any CPU
		{5D5FC9FD-A253-46B9-8569-BDA0EBF5E3F6}.Debug|Any CPU.Build.0 = Debug|Any CPU
		{5D5FC9FD-A253-46B9-8569-BDA0EBF5E3F6}.Release|Any CPU.ActiveCfg = Release|Any CPU
		{5D5FC9FD-A253-46B9-8569-BDA0EBF5E3F6}.Release|Any CPU.Build.0 = Release|Any CPU
	EndGlobalSection
	GlobalSection(SolutionProperties) = preSolution
		HideSolutionNode = FALSE
	EndGlobalSection
	GlobalSection(ExtensibilityGlobals) = postSolution
		SolutionGuid = {0A2C8594-D31B-48DF-B01C-AD747FA20114}
	EndGlobalSection
EndGlobal
